
Microsoft Visual Studio Solution File, Format Version 12.00
# Visual Studio 15
VisualStudioVersion = 15.0.27428.2015
MinimumVisualStudioVersion = 10.0.40219.1
Project("{8BC9CEB8-8B4A-11D0-8D11-00A0C91BC942}") = "Lab06_04", "Lab06_04\Lab06_04.vcxproj", "{9933F3B6-7D8A-4EEF-BBA8-8F85D9EDE431}"
EndProject
Global
	GlobalSection(SolutionConfigurationPlatforms) = preSolution
		Debug|x64 = Debug|x64
		Debug|x86 = Debug|x86
		Release|x64 = Release|x64
		Release|x86 = Release|x86
	EndGlobalSection
	GlobalSection(ProjectConfigurationPlatforms) = postSolution
		{9933F3B6-7D8A-4EEF-BBA8-8F85D9EDE431}.Debug|x64.ActiveCfg = Debug|x64
		{9933F3B6-7D8A-4EEF-BBA8-8F85D9EDE431}.Debug|x64.Build.0 = Debug|x64
		{9933F3B6-7D8A-4EEF-BBA8-8F85D9EDE431}.Debug|x86.ActiveCfg = Debug|Win32
		{9933F3B6-7D8A-4EEF-BBA8-8F85D9EDE431}.Debug|x86.Build.0 = Debug|Win32
		{9933F3B6-7D8A-4EEF-BBA8-8F85D9EDE431}.Release|x64.ActiveCfg = Release|x64
		{9933F3B6-7D8A-4EEF-BBA8-8F85D9EDE431}.Release|x64.Build.0 = Release|x64
		{9933F3B6-7D8A-4EEF-BBA8-8F85D9EDE431}.Release|x86.ActiveCfg = Release|Win32
		{9933F3B6-7D8A-4EEF-BBA8-8F85D9EDE431}.Release|x86.Build.0 = Release|Win32
	EndGlobalSection
	GlobalSection(SolutionProperties) = preSolution
		HideSolutionNode = FALSE
	EndGlobalSection
	GlobalSection(ExtensibilityGlobals) = postSolution
		SolutionGuid = {02D0DA85-1DB0-42B3-A912-E36690AD1314}
	EndGlobalSection
EndGlobal
