
Microsoft Visual Studio Solution File, Format Version 12.00
# Visual Studio 15
VisualStudioVersion = 15.0.27428.2015
MinimumVisualStudioVersion = 10.0.40219.1
Project("{8BC9CEB8-8B4A-11D0-8D11-00A0C91BC942}") = "Lab03_03", "Lab03_03\Lab03_03.vcxproj", "{DC4EEBDB-1B22-438F-9054-19C182271233}"
EndProject
Global
	GlobalSection(SolutionConfigurationPlatforms) = preSolution
		Debug|x64 = Debug|x64
		Debug|x86 = Debug|x86
		Release|x64 = Release|x64
		Release|x86 = Release|x86
	EndGlobalSection
	GlobalSection(ProjectConfigurationPlatforms) = postSolution
		{DC4EEBDB-1B22-438F-9054-19C182271233}.Debug|x64.ActiveCfg = Debug|x64
		{DC4EEBDB-1B22-438F-9054-19C182271233}.Debug|x64.Build.0 = Debug|x64
		{DC4EEBDB-1B22-438F-9054-19C182271233}.Debug|x86.ActiveCfg = Debug|Win32
		{DC4EEBDB-1B22-438F-9054-19C182271233}.Debug|x86.Build.0 = Debug|Win32
		{DC4EEBDB-1B22-438F-9054-19C182271233}.Release|x64.ActiveCfg = Release|x64
		{DC4EEBDB-1B22-438F-9054-19C182271233}.Release|x64.Build.0 = Release|x64
		{DC4EEBDB-1B22-438F-9054-19C182271233}.Release|x86.ActiveCfg = Release|Win32
		{DC4EEBDB-1B22-438F-9054-19C182271233}.Release|x86.Build.0 = Release|Win32
	EndGlobalSection
	GlobalSection(SolutionProperties) = preSolution
		HideSolutionNode = FALSE
	EndGlobalSection
	GlobalSection(ExtensibilityGlobals) = postSolution
		SolutionGuid = {8F14C9FA-0AE7-4403-902D-513D0B08374C}
	EndGlobalSection
EndGlobal
