
Microsoft Visual Studio Solution File, Format Version 12.00
# Visual Studio 15
VisualStudioVersion = 15.0.27428.2015
MinimumVisualStudioVersion = 10.0.40219.1
Project("{8BC9CEB8-8B4A-11D0-8D11-00A0C91BC942}") = "Lab3_1", "Lab3_1\Lab3_1.vcxproj", "{9D33A2B5-9491-4CED-9702-8DF5E6F5ADE0}"
EndProject
Global
	GlobalSection(SolutionConfigurationPlatforms) = preSolution
		Debug|x64 = Debug|x64
		Debug|x86 = Debug|x86
		Release|x64 = Release|x64
		Release|x86 = Release|x86
	EndGlobalSection
	GlobalSection(ProjectConfigurationPlatforms) = postSolution
		{9D33A2B5-9491-4CED-9702-8DF5E6F5ADE0}.Debug|x64.ActiveCfg = Debug|x64
		{9D33A2B5-9491-4CED-9702-8DF5E6F5ADE0}.Debug|x64.Build.0 = Debug|x64
		{9D33A2B5-9491-4CED-9702-8DF5E6F5ADE0}.Debug|x86.ActiveCfg = Debug|Win32
		{9D33A2B5-9491-4CED-9702-8DF5E6F5ADE0}.Debug|x86.Build.0 = Debug|Win32
		{9D33A2B5-9491-4CED-9702-8DF5E6F5ADE0}.Release|x64.ActiveCfg = Release|x64
		{9D33A2B5-9491-4CED-9702-8DF5E6F5ADE0}.Release|x64.Build.0 = Release|x64
		{9D33A2B5-9491-4CED-9702-8DF5E6F5ADE0}.Release|x86.ActiveCfg = Release|Win32
		{9D33A2B5-9491-4CED-9702-8DF5E6F5ADE0}.Release|x86.Build.0 = Release|Win32
	EndGlobalSection
	GlobalSection(SolutionProperties) = preSolution
		HideSolutionNode = FALSE
	EndGlobalSection
	GlobalSection(ExtensibilityGlobals) = postSolution
		SolutionGuid = {A1FC12A6-08F1-4D71-B02E-E0E907EACC3F}
	EndGlobalSection
EndGlobal
